// !$*UTF8*$!
{
	archiveVersion = 1;
	classes = {
	};
	objectVersion = 56;
	objects = {

/* Begin PBXBuildFile section */
		33052DE32A5E9B1E00CF024F /* UNUserNotificationCenter+.swift in Sources */ = {isa = PBXBuildFile; fileRef = 33052DE22A5E9B1E00CF024F /* UNUserNotificationCenter+.swift */; };
		33052DE52A5E9B5100CF024F /* Alert.swift in Sources */ = {isa = PBXBuildFile; fileRef = 33052DE42A5E9B5100CF024F /* Alert.swift */; };
		3306AED72A667DA200C14CC5 /* SettingCellViewModel.swift in Sources */ = {isa = PBXBuildFile; fileRef = 3306AED62A667DA200C14CC5 /* SettingCellViewModel.swift */; };
		3306AEDD2A66862200C14CC5 /* GoogleService-Info.plist in Resources */ = {isa = PBXBuildFile; fileRef = 3306AEDC2A66862200C14CC5 /* GoogleService-Info.plist */; };
		3306AEE02A668B1800C14CC5 /* FirebaseAnalytics in Frameworks */ = {isa = PBXBuildFile; productRef = 3306AEDF2A668B1800C14CC5 /* FirebaseAnalytics */; };
		3306AEE22A668B1800C14CC5 /* FirebaseAnalyticsSwift in Frameworks */ = {isa = PBXBuildFile; productRef = 3306AEE12A668B1800C14CC5 /* FirebaseAnalyticsSwift */; };
		3306AEE42A668B1800C14CC5 /* FirebaseAuth in Frameworks */ = {isa = PBXBuildFile; productRef = 3306AEE32A668B1800C14CC5 /* FirebaseAuth */; };
		3306AEE62A668B1800C14CC5 /* FirebaseDatabase in Frameworks */ = {isa = PBXBuildFile; productRef = 3306AEE52A668B1800C14CC5 /* FirebaseDatabase */; };
		3306AEE82A668B1800C14CC5 /* FirebaseDatabaseSwift in Frameworks */ = {isa = PBXBuildFile; productRef = 3306AEE72A668B1800C14CC5 /* FirebaseDatabaseSwift */; };
		3306AEEA2A668B1800C14CC5 /* FirebaseDynamicLinks in Frameworks */ = {isa = PBXBuildFile; productRef = 3306AEE92A668B1800C14CC5 /* FirebaseDynamicLinks */; };
		3306AEEC2A668B1800C14CC5 /* FirebaseFirestore in Frameworks */ = {isa = PBXBuildFile; productRef = 3306AEEB2A668B1800C14CC5 /* FirebaseFirestore */; };
		3306AEEE2A668B1800C14CC5 /* FirebaseFirestoreSwift in Frameworks */ = {isa = PBXBuildFile; productRef = 3306AEED2A668B1800C14CC5 /* FirebaseFirestoreSwift */; };
		3306AEF02A668B1800C14CC5 /* FirebaseMessaging in Frameworks */ = {isa = PBXBuildFile; productRef = 3306AEEF2A668B1800C14CC5 /* FirebaseMessaging */; };
		3306AEF22A668B1800C14CC5 /* FirebaseRemoteConfig in Frameworks */ = {isa = PBXBuildFile; productRef = 3306AEF12A668B1800C14CC5 /* FirebaseRemoteConfig */; };
		3306AEF42A668B1800C14CC5 /* FirebaseRemoteConfigSwift in Frameworks */ = {isa = PBXBuildFile; productRef = 3306AEF32A668B1800C14CC5 /* FirebaseRemoteConfigSwift */; };
		3306AEF62A668B1800C14CC5 /* FirebaseStorage in Frameworks */ = {isa = PBXBuildFile; productRef = 3306AEF52A668B1800C14CC5 /* FirebaseStorage */; };
		3306AEF82A669B1000C14CC5 /* FirebaseManager.swift in Sources */ = {isa = PBXBuildFile; fileRef = 3306AEF72A669B1000C14CC5 /* FirebaseManager.swift */; };
		3306AEFA2A669C1D00C14CC5 /* ProfileCell.swift in Sources */ = {isa = PBXBuildFile; fileRef = 3306AEF92A669C1D00C14CC5 /* ProfileCell.swift */; };
		3306AEFC2A66F41F00C14CC5 /* SettingProfileCellViewModel.swift in Sources */ = {isa = PBXBuildFile; fileRef = 3306AEFB2A66F41F00C14CC5 /* SettingProfileCellViewModel.swift */; };
		330710352A533BE000A57A4B /* UITextField+.swift in Sources */ = {isa = PBXBuildFile; fileRef = 330710342A533BE000A57A4B /* UITextField+.swift */; };
		330710372A53425300A57A4B /* TodoManager.swift in Sources */ = {isa = PBXBuildFile; fileRef = 330710362A53425300A57A4B /* TodoManager.swift */; };
		3307B2582A6ADA65001FD5A4 /* FirebaseErrors.swift in Sources */ = {isa = PBXBuildFile; fileRef = 3307B2572A6ADA65001FD5A4 /* FirebaseErrors.swift */; };
		330BA9BC2AA2729600335DF9 /* Alamofire in Frameworks */ = {isa = PBXBuildFile; productRef = 330BA9BB2AA2729600335DF9 /* Alamofire */; };
		330BA9C02AA2736100335DF9 /* MyTodo.swift in Sources */ = {isa = PBXBuildFile; fileRef = 330BA9BF2AA2736100335DF9 /* MyTodo.swift */; };
		331D39F42A51508900683211 /* TodoViewController.swift in Sources */ = {isa = PBXBuildFile; fileRef = 331D39F32A51508900683211 /* TodoViewController.swift */; };
		331F0FA22A81C04A00491359 /* ProfileDetailItems.swift in Sources */ = {isa = PBXBuildFile; fileRef = 331F0FA12A81C04A00491359 /* ProfileDetailItems.swift */; };
		3324F67B2A5C4E4E002F70C6 /* TodoViewModel.swift in Sources */ = {isa = PBXBuildFile; fileRef = 3324F67A2A5C4E4E002F70C6 /* TodoViewModel.swift */; };
		3324F67D2A5C590A002F70C6 /* PlannerDetailViewModel.swift in Sources */ = {isa = PBXBuildFile; fileRef = 3324F67C2A5C590A002F70C6 /* PlannerDetailViewModel.swift */; };
		3338C71E2A4D867C0081CD07 /* .swiftlint.yml in Resources */ = {isa = PBXBuildFile; fileRef = 3338C71D2A4D867C0081CD07 /* .swiftlint.yml */; };
		3338C7202A4DA0840081CD07 /* TabBarController.swift in Sources */ = {isa = PBXBuildFile; fileRef = 3338C71F2A4DA0840081CD07 /* TabBarController.swift */; };
		3338C7222A4DA1790081CD07 /* SettingViewController.swift in Sources */ = {isa = PBXBuildFile; fileRef = 3338C7212A4DA1790081CD07 /* SettingViewController.swift */; };
		3338C7332A4DF7D50081CD07 /* Store.swift in Sources */ = {isa = PBXBuildFile; fileRef = 3338C7322A4DF7D50081CD07 /* Store.swift */; };
		3338C7362A4DFC520081CD07 /* CoreDataManager.swift in Sources */ = {isa = PBXBuildFile; fileRef = 3338C7352A4DFC520081CD07 /* CoreDataManager.swift */; };
		333BE9F52A61B22D006184C0 /* UserNotificationManager.swift in Sources */ = {isa = PBXBuildFile; fileRef = 333BE9F42A61B22D006184C0 /* UserNotificationManager.swift */; };
		333CDA8E2A5CE7300051C591 /* PlannerViewModel.swift in Sources */ = {isa = PBXBuildFile; fileRef = 333CDA8D2A5CE7300051C591 /* PlannerViewModel.swift */; };
		333CDA902A5CF49F0051C591 /* SettingViewModel.swift in Sources */ = {isa = PBXBuildFile; fileRef = 333CDA8F2A5CF49F0051C591 /* SettingViewModel.swift */; };
		333CDA922A5CF5240051C591 /* AlarmViewModel.swift in Sources */ = {isa = PBXBuildFile; fileRef = 333CDA912A5CF5240051C591 /* AlarmViewModel.swift */; };
		334039B82A7B6ECC0050C9F5 /* FirestoreManager.swift in Sources */ = {isa = PBXBuildFile; fileRef = 334039B72A7B6ECC0050C9F5 /* FirestoreManager.swift */; };
		334387AE2A59848C00291B68 /* DateFormatter+.swift in Sources */ = {isa = PBXBuildFile; fileRef = 334387AD2A59848C00291B68 /* DateFormatter+.swift */; };
		334939B62A5292F5007EE8FA /* PlannerDetailViewController.swift in Sources */ = {isa = PBXBuildFile; fileRef = 334939B52A5292F5007EE8FA /* PlannerDetailViewController.swift */; };
		3351C59E2A658A8C00E915CC /* ImageIcons.swift in Sources */ = {isa = PBXBuildFile; fileRef = 3351C59D2A658A8C00E915CC /* ImageIcons.swift */; };
		3355075B2A4D6D9C005FBE21 /* AppDelegate.swift in Sources */ = {isa = PBXBuildFile; fileRef = 3355075A2A4D6D9C005FBE21 /* AppDelegate.swift */; };
		3355075D2A4D6D9C005FBE21 /* SceneDelegate.swift in Sources */ = {isa = PBXBuildFile; fileRef = 3355075C2A4D6D9C005FBE21 /* SceneDelegate.swift */; };
		335507652A4D6D9C005FBE21 /* PlanBee.xcdatamodeld in Sources */ = {isa = PBXBuildFile; fileRef = 335507632A4D6D9C005FBE21 /* PlanBee.xcdatamodeld */; };
		335507672A4D6D9D005FBE21 /* Assets.xcassets in Resources */ = {isa = PBXBuildFile; fileRef = 335507662A4D6D9D005FBE21 /* Assets.xcassets */; };
		3355076A2A4D6D9D005FBE21 /* LaunchScreen.storyboard in Resources */ = {isa = PBXBuildFile; fileRef = 335507682A4D6D9D005FBE21 /* LaunchScreen.storyboard */; };
		335507732A4D6E1F005FBE21 /* SnapKit in Frameworks */ = {isa = PBXBuildFile; productRef = 335507722A4D6E1F005FBE21 /* SnapKit */; };
		335507752A4D6E49005FBE21 /* PlannerViewController.swift in Sources */ = {isa = PBXBuildFile; fileRef = 335507742A4D6E49005FBE21 /* PlannerViewController.swift */; };
		3359E3612A8115A7009AD85D /* ProfileViewModel.swift in Sources */ = {isa = PBXBuildFile; fileRef = 3359E3602A8115A7009AD85D /* ProfileViewModel.swift */; };
		3359E3632A811F8A009AD85D /* ProfileDetailCell.swift in Sources */ = {isa = PBXBuildFile; fileRef = 3359E3622A811F8A009AD85D /* ProfileDetailCell.swift */; };
		335C669D2A64555700B48720 /* SettingCell.swift in Sources */ = {isa = PBXBuildFile; fileRef = 335C669C2A64555700B48720 /* SettingCell.swift */; };
		335C669F2A64709E00B48720 /* SettingItems.swift in Sources */ = {isa = PBXBuildFile; fileRef = 335C669E2A64709E00B48720 /* SettingItems.swift */; };
		3364A2142A8250D900EF1416 /* RevokeViewController.swift in Sources */ = {isa = PBXBuildFile; fileRef = 3364A2132A8250D900EF1416 /* RevokeViewController.swift */; };
		33693A832A67A883001A408D /* SignInViewController.swift in Sources */ = {isa = PBXBuildFile; fileRef = 33693A822A67A883001A408D /* SignInViewController.swift */; };
		33693A8A2A684D79001A408D /* LoginViewController.swift in Sources */ = {isa = PBXBuildFile; fileRef = 33693A892A684D79001A408D /* LoginViewController.swift */; };
		337FD7682A540F980088ABCE /* PlannerDetailTableViewCell.swift in Sources */ = {isa = PBXBuildFile; fileRef = 337FD7672A540F980088ABCE /* PlannerDetailTableViewCell.swift */; };
		339AE21F2ABA8A6C005E1666 /* UserInfo.swift in Sources */ = {isa = PBXBuildFile; fileRef = 339AE21E2ABA8A6C005E1666 /* UserInfo.swift */; };
		339AE2212ABA973E005E1666 /* TokenInfo.swift in Sources */ = {isa = PBXBuildFile; fileRef = 339AE2202ABA973E005E1666 /* TokenInfo.swift */; };
		339D6B752A85CF3A00B23328 /* RevokeViewModel.swift in Sources */ = {isa = PBXBuildFile; fileRef = 339D6B742A85CF3A00B23328 /* RevokeViewModel.swift */; };
		339D6B772A8601FE00B23328 /* UserDefaultsManager.swift in Sources */ = {isa = PBXBuildFile; fileRef = 339D6B762A8601FE00B23328 /* UserDefaultsManager.swift */; };
		339D6B792A86245700B23328 /* ReturnPlanBee.swift in Sources */ = {isa = PBXBuildFile; fileRef = 339D6B782A86245700B23328 /* ReturnPlanBee.swift */; };
		339E45412A503B1500F732CD /* Todo.swift in Sources */ = {isa = PBXBuildFile; fileRef = 339E45402A503B1500F732CD /* Todo.swift */; };
		33A3EB762AC00516004A637F /* ProfileView.swift in Sources */ = {isa = PBXBuildFile; fileRef = 33A3EB752AC00516004A637F /* ProfileView.swift */; };
		33A3EB782AC093F3004A637F /* RevokeView.swift in Sources */ = {isa = PBXBuildFile; fileRef = 33A3EB772AC093F3004A637F /* RevokeView.swift */; };
		33A3EB7A2AC0A5E6004A637F /* SignInView.swift in Sources */ = {isa = PBXBuildFile; fileRef = 33A3EB792AC0A5E6004A637F /* SignInView.swift */; };
		33A3EB7C2AC0AD67004A637F /* VersionView.swift in Sources */ = {isa = PBXBuildFile; fileRef = 33A3EB7B2AC0AD67004A637F /* VersionView.swift */; };
		33A4CFA02A9397A200613B2D /* Settings.bundle in Resources */ = {isa = PBXBuildFile; fileRef = 33A4CF9F2A9397A200613B2D /* Settings.bundle */; };
		33A5B4962ABF634200803A32 /* AlertFactory.swift in Sources */ = {isa = PBXBuildFile; fileRef = 33A5B4952ABF634200803A32 /* AlertFactory.swift */; };
		33A7C6D72A5A8A6800D2ECF6 /* AccessoryImage.swift in Sources */ = {isa = PBXBuildFile; fileRef = 33A7C6D62A5A8A6800D2ECF6 /* AccessoryImage.swift */; };
		33A7C6DA2A5B25E300D2ECF6 /* AlarmViewController.swift in Sources */ = {isa = PBXBuildFile; fileRef = 33A7C6D92A5B25E300D2ECF6 /* AlarmViewController.swift */; };
		33C495612A69020C002D1591 /* EmailValidCheck.swift in Sources */ = {isa = PBXBuildFile; fileRef = 33C495602A69020C002D1591 /* EmailValidCheck.swift */; };
		33C762322ABCC70400E7A35E /* LoginView.swift in Sources */ = {isa = PBXBuildFile; fileRef = 33C762312ABCC70400E7A35E /* LoginView.swift */; };
		33C762342ABCE66400E7A35E /* LoginBtnType.swift in Sources */ = {isa = PBXBuildFile; fileRef = 33C762332ABCE66400E7A35E /* LoginBtnType.swift */; };
		33CE26822A6D8D6800E321F1 /* LoginViewModel.swift in Sources */ = {isa = PBXBuildFile; fileRef = 33CE26812A6D8D6800E321F1 /* LoginViewModel.swift */; };
		33D51FBB2A80E84700194CF4 /* VersionViewController.swift in Sources */ = {isa = PBXBuildFile; fileRef = 33D51FBA2A80E84700194CF4 /* VersionViewController.swift */; };
		33DDEA6C2ABB7E6200E1C4DE /* ThemeColor.swift in Sources */ = {isa = PBXBuildFile; fileRef = 33DDEA6B2ABB7E6200E1C4DE /* ThemeColor.swift */; };
		33DDEA6F2ABB830E00E1C4DE /* LabelFactory.swift in Sources */ = {isa = PBXBuildFile; fileRef = 33DDEA6E2ABB830E00E1C4DE /* LabelFactory.swift */; };
		33DDEA722ABB840400E1C4DE /* ThemeFont.swift in Sources */ = {isa = PBXBuildFile; fileRef = 33DDEA712ABB840400E1C4DE /* ThemeFont.swift */; };
		33DDEA742ABB864800E1C4DE /* AppConstraint.swift in Sources */ = {isa = PBXBuildFile; fileRef = 33DDEA732ABB864800E1C4DE /* AppConstraint.swift */; };
		33DDEA762ABB886600E1C4DE /* AlarmView.swift in Sources */ = {isa = PBXBuildFile; fileRef = 33DDEA752ABB886600E1C4DE /* AlarmView.swift */; };
		33DDEA782ABB8AA600E1C4DE /* ButtonFactory.swift in Sources */ = {isa = PBXBuildFile; fileRef = 33DDEA772ABB8AA600E1C4DE /* ButtonFactory.swift */; };
		33DDEA7A2ABB980C00E1C4DE /* UIViewController+.swift in Sources */ = {isa = PBXBuildFile; fileRef = 33DDEA792ABB980C00E1C4DE /* UIViewController+.swift */; };
		33DDEA7C2ABBB39800E1C4DE /* PlannerView.swift in Sources */ = {isa = PBXBuildFile; fileRef = 33DDEA7B2ABBB39800E1C4DE /* PlannerView.swift */; };
		33DDEA7E2ABBCA3D00E1C4DE /* PlannerDetailView.swift in Sources */ = {isa = PBXBuildFile; fileRef = 33DDEA7D2ABBCA3D00E1C4DE /* PlannerDetailView.swift */; };
		33DDEA852ABC779700E1C4DE /* SettingView.swift in Sources */ = {isa = PBXBuildFile; fileRef = 33DDEA842ABC779700E1C4DE /* SettingView.swift */; };
		33DE12912A515B1800B3D3A7 /* FSCalendar in Frameworks */ = {isa = PBXBuildFile; productRef = 33DE12902A515B1800B3D3A7 /* FSCalendar */; };
		33E06E652AB3FAAC003D9B19 /* TodoView.swift in Sources */ = {isa = PBXBuildFile; fileRef = 33E06E642AB3FAAC003D9B19 /* TodoView.swift */; };
		33E9EEF82A7920AC00E4F032 /* ProfileViewController.swift in Sources */ = {isa = PBXBuildFile; fileRef = 33E9EEF72A7920AC00E4F032 /* ProfileViewController.swift */; };
		33EAC0DB2A566C67001FE244 /* TodoTableViewCell.swift in Sources */ = {isa = PBXBuildFile; fileRef = 33EAC0DA2A566C67001FE244 /* TodoTableViewCell.swift */; };
		E186649517B587F88567D993 /* Pods_PlanBee.framework in Frameworks */ = {isa = PBXBuildFile; fileRef = 84C6532A9BC22B9625FB94AF /* Pods_PlanBee.framework */; };
/* End PBXBuildFile section */

/* Begin PBXFileReference section */
		33052DE22A5E9B1E00CF024F /* UNUserNotificationCenter+.swift */ = {isa = PBXFileReference; lastKnownFileType = sourcecode.swift; path = "UNUserNotificationCenter+.swift"; sourceTree = "<group>"; };
		33052DE42A5E9B5100CF024F /* Alert.swift */ = {isa = PBXFileReference; lastKnownFileType = sourcecode.swift; path = Alert.swift; sourceTree = "<group>"; };
		3306AED62A667DA200C14CC5 /* SettingCellViewModel.swift */ = {isa = PBXFileReference; lastKnownFileType = sourcecode.swift; path = SettingCellViewModel.swift; sourceTree = "<group>"; };
		3306AEDC2A66862200C14CC5 /* GoogleService-Info.plist */ = {isa = PBXFileReference; fileEncoding = 4; lastKnownFileType = text.plist.xml; name = "GoogleService-Info.plist"; path = "../../Firebase/GoogleService-Info.plist"; sourceTree = "<group>"; };
		3306AEF72A669B1000C14CC5 /* FirebaseManager.swift */ = {isa = PBXFileReference; lastKnownFileType = sourcecode.swift; path = FirebaseManager.swift; sourceTree = "<group>"; };
		3306AEF92A669C1D00C14CC5 /* ProfileCell.swift */ = {isa = PBXFileReference; lastKnownFileType = sourcecode.swift; path = ProfileCell.swift; sourceTree = "<group>"; };
		3306AEFB2A66F41F00C14CC5 /* SettingProfileCellViewModel.swift */ = {isa = PBXFileReference; lastKnownFileType = sourcecode.swift; path = SettingProfileCellViewModel.swift; sourceTree = "<group>"; };
		330710342A533BE000A57A4B /* UITextField+.swift */ = {isa = PBXFileReference; lastKnownFileType = sourcecode.swift; path = "UITextField+.swift"; sourceTree = "<group>"; };
		330710362A53425300A57A4B /* TodoManager.swift */ = {isa = PBXFileReference; lastKnownFileType = sourcecode.swift; path = TodoManager.swift; sourceTree = "<group>"; };
		3307B2572A6ADA65001FD5A4 /* FirebaseErrors.swift */ = {isa = PBXFileReference; lastKnownFileType = sourcecode.swift; path = FirebaseErrors.swift; sourceTree = "<group>"; };
		330BA9BF2AA2736100335DF9 /* MyTodo.swift */ = {isa = PBXFileReference; lastKnownFileType = sourcecode.swift; path = MyTodo.swift; sourceTree = "<group>"; };
		331D39F32A51508900683211 /* TodoViewController.swift */ = {isa = PBXFileReference; lastKnownFileType = sourcecode.swift; path = TodoViewController.swift; sourceTree = "<group>"; };
		331E53A12A51580600788F71 /* ko-KR */ = {isa = PBXFileReference; lastKnownFileType = text.plist.strings; name = "ko-KR"; path = "ko-KR.lproj/LaunchScreen.strings"; sourceTree = "<group>"; };
		331F0FA12A81C04A00491359 /* ProfileDetailItems.swift */ = {isa = PBXFileReference; lastKnownFileType = sourcecode.swift; path = ProfileDetailItems.swift; sourceTree = "<group>"; };
		3324F67A2A5C4E4E002F70C6 /* TodoViewModel.swift */ = {isa = PBXFileReference; lastKnownFileType = sourcecode.swift; path = TodoViewModel.swift; sourceTree = "<group>"; };
		3324F67C2A5C590A002F70C6 /* PlannerDetailViewModel.swift */ = {isa = PBXFileReference; lastKnownFileType = sourcecode.swift; path = PlannerDetailViewModel.swift; sourceTree = "<group>"; };
		3338C71D2A4D867C0081CD07 /* .swiftlint.yml */ = {isa = PBXFileReference; lastKnownFileType = text.yaml; path = .swiftlint.yml; sourceTree = "<group>"; };
		3338C71F2A4DA0840081CD07 /* TabBarController.swift */ = {isa = PBXFileReference; lastKnownFileType = sourcecode.swift; path = TabBarController.swift; sourceTree = "<group>"; };
		3338C7212A4DA1790081CD07 /* SettingViewController.swift */ = {isa = PBXFileReference; lastKnownFileType = sourcecode.swift; path = SettingViewController.swift; sourceTree = "<group>"; };
		3338C7322A4DF7D50081CD07 /* Store.swift */ = {isa = PBXFileReference; lastKnownFileType = sourcecode.swift; path = Store.swift; sourceTree = "<group>"; };
		3338C7352A4DFC520081CD07 /* CoreDataManager.swift */ = {isa = PBXFileReference; lastKnownFileType = sourcecode.swift; path = CoreDataManager.swift; sourceTree = "<group>"; };
		333BE9F42A61B22D006184C0 /* UserNotificationManager.swift */ = {isa = PBXFileReference; lastKnownFileType = sourcecode.swift; path = UserNotificationManager.swift; sourceTree = "<group>"; };
		333CDA8D2A5CE7300051C591 /* PlannerViewModel.swift */ = {isa = PBXFileReference; lastKnownFileType = sourcecode.swift; path = PlannerViewModel.swift; sourceTree = "<group>"; };
		333CDA8F2A5CF49F0051C591 /* SettingViewModel.swift */ = {isa = PBXFileReference; lastKnownFileType = sourcecode.swift; path = SettingViewModel.swift; sourceTree = "<group>"; };
		333CDA912A5CF5240051C591 /* AlarmViewModel.swift */ = {isa = PBXFileReference; lastKnownFileType = sourcecode.swift; path = AlarmViewModel.swift; sourceTree = "<group>"; };
		334039B72A7B6ECC0050C9F5 /* FirestoreManager.swift */ = {isa = PBXFileReference; lastKnownFileType = sourcecode.swift; path = FirestoreManager.swift; sourceTree = "<group>"; };
		334387AD2A59848C00291B68 /* DateFormatter+.swift */ = {isa = PBXFileReference; lastKnownFileType = sourcecode.swift; path = "DateFormatter+.swift"; sourceTree = "<group>"; };
		334939B52A5292F5007EE8FA /* PlannerDetailViewController.swift */ = {isa = PBXFileReference; lastKnownFileType = sourcecode.swift; path = PlannerDetailViewController.swift; sourceTree = "<group>"; };
		3351C59D2A658A8C00E915CC /* ImageIcons.swift */ = {isa = PBXFileReference; lastKnownFileType = sourcecode.swift; path = ImageIcons.swift; sourceTree = "<group>"; };
		335507572A4D6D9C005FBE21 /* PlanBee.app */ = {isa = PBXFileReference; explicitFileType = wrapper.application; includeInIndex = 0; path = PlanBee.app; sourceTree = BUILT_PRODUCTS_DIR; };
		3355075A2A4D6D9C005FBE21 /* AppDelegate.swift */ = {isa = PBXFileReference; lastKnownFileType = sourcecode.swift; path = AppDelegate.swift; sourceTree = "<group>"; };
		3355075C2A4D6D9C005FBE21 /* SceneDelegate.swift */ = {isa = PBXFileReference; lastKnownFileType = sourcecode.swift; path = SceneDelegate.swift; sourceTree = "<group>"; };
		335507642A4D6D9C005FBE21 /* PlanBee.xcdatamodel */ = {isa = PBXFileReference; lastKnownFileType = wrapper.xcdatamodel; path = PlanBee.xcdatamodel; sourceTree = "<group>"; };
		335507662A4D6D9D005FBE21 /* Assets.xcassets */ = {isa = PBXFileReference; lastKnownFileType = folder.assetcatalog; path = Assets.xcassets; sourceTree = "<group>"; };
		335507692A4D6D9D005FBE21 /* Base */ = {isa = PBXFileReference; lastKnownFileType = file.storyboard; name = Base; path = Base.lproj/LaunchScreen.storyboard; sourceTree = "<group>"; };
		3355076B2A4D6D9D005FBE21 /* Info.plist */ = {isa = PBXFileReference; lastKnownFileType = text.plist.xml; path = Info.plist; sourceTree = "<group>"; };
		335507742A4D6E49005FBE21 /* PlannerViewController.swift */ = {isa = PBXFileReference; lastKnownFileType = sourcecode.swift; path = PlannerViewController.swift; sourceTree = "<group>"; };
		3359E3602A8115A7009AD85D /* ProfileViewModel.swift */ = {isa = PBXFileReference; lastKnownFileType = sourcecode.swift; path = ProfileViewModel.swift; sourceTree = "<group>"; };
		3359E3622A811F8A009AD85D /* ProfileDetailCell.swift */ = {isa = PBXFileReference; lastKnownFileType = sourcecode.swift; path = ProfileDetailCell.swift; sourceTree = "<group>"; };
		335C669C2A64555700B48720 /* SettingCell.swift */ = {isa = PBXFileReference; lastKnownFileType = sourcecode.swift; path = SettingCell.swift; sourceTree = "<group>"; };
		335C669E2A64709E00B48720 /* SettingItems.swift */ = {isa = PBXFileReference; lastKnownFileType = sourcecode.swift; path = SettingItems.swift; sourceTree = "<group>"; };
		3364A2132A8250D900EF1416 /* RevokeViewController.swift */ = {isa = PBXFileReference; lastKnownFileType = sourcecode.swift; path = RevokeViewController.swift; sourceTree = "<group>"; };
		33693A822A67A883001A408D /* SignInViewController.swift */ = {isa = PBXFileReference; lastKnownFileType = sourcecode.swift; path = SignInViewController.swift; sourceTree = "<group>"; };
		33693A892A684D79001A408D /* LoginViewController.swift */ = {isa = PBXFileReference; lastKnownFileType = sourcecode.swift; path = LoginViewController.swift; sourceTree = "<group>"; };
		337FD7672A540F980088ABCE /* PlannerDetailTableViewCell.swift */ = {isa = PBXFileReference; lastKnownFileType = sourcecode.swift; path = PlannerDetailTableViewCell.swift; sourceTree = "<group>"; };
		339AE21E2ABA8A6C005E1666 /* UserInfo.swift */ = {isa = PBXFileReference; lastKnownFileType = sourcecode.swift; path = UserInfo.swift; sourceTree = "<group>"; };
		339AE2202ABA973E005E1666 /* TokenInfo.swift */ = {isa = PBXFileReference; lastKnownFileType = sourcecode.swift; path = TokenInfo.swift; sourceTree = "<group>"; };
		339D6B742A85CF3A00B23328 /* RevokeViewModel.swift */ = {isa = PBXFileReference; lastKnownFileType = sourcecode.swift; path = RevokeViewModel.swift; sourceTree = "<group>"; };
		339D6B762A8601FE00B23328 /* UserDefaultsManager.swift */ = {isa = PBXFileReference; lastKnownFileType = sourcecode.swift; path = UserDefaultsManager.swift; sourceTree = "<group>"; };
		339D6B782A86245700B23328 /* ReturnPlanBee.swift */ = {isa = PBXFileReference; lastKnownFileType = sourcecode.swift; path = ReturnPlanBee.swift; sourceTree = "<group>"; };
		339E45402A503B1500F732CD /* Todo.swift */ = {isa = PBXFileReference; lastKnownFileType = sourcecode.swift; path = Todo.swift; sourceTree = "<group>"; };
		33A2341B2A7431C3006ED5EB /* PlanBee.entitlements */ = {isa = PBXFileReference; lastKnownFileType = text.plist.entitlements; path = PlanBee.entitlements; sourceTree = "<group>"; };
		33A3EB752AC00516004A637F /* ProfileView.swift */ = {isa = PBXFileReference; lastKnownFileType = sourcecode.swift; path = ProfileView.swift; sourceTree = "<group>"; };
		33A3EB772AC093F3004A637F /* RevokeView.swift */ = {isa = PBXFileReference; lastKnownFileType = sourcecode.swift; path = RevokeView.swift; sourceTree = "<group>"; };
		33A3EB792AC0A5E6004A637F /* SignInView.swift */ = {isa = PBXFileReference; lastKnownFileType = sourcecode.swift; path = SignInView.swift; sourceTree = "<group>"; };
		33A3EB7B2AC0AD67004A637F /* VersionView.swift */ = {isa = PBXFileReference; lastKnownFileType = sourcecode.swift; path = VersionView.swift; sourceTree = "<group>"; };
		33A4CF9F2A9397A200613B2D /* Settings.bundle */ = {isa = PBXFileReference; lastKnownFileType = "wrapper.plug-in"; path = Settings.bundle; sourceTree = "<group>"; };
		33A5B4952ABF634200803A32 /* AlertFactory.swift */ = {isa = PBXFileReference; lastKnownFileType = sourcecode.swift; path = AlertFactory.swift; sourceTree = "<group>"; };
		33A7C6D62A5A8A6800D2ECF6 /* AccessoryImage.swift */ = {isa = PBXFileReference; lastKnownFileType = sourcecode.swift; path = AccessoryImage.swift; sourceTree = "<group>"; };
		33A7C6D92A5B25E300D2ECF6 /* AlarmViewController.swift */ = {isa = PBXFileReference; lastKnownFileType = sourcecode.swift; path = AlarmViewController.swift; sourceTree = "<group>"; };
		33C495602A69020C002D1591 /* EmailValidCheck.swift */ = {isa = PBXFileReference; lastKnownFileType = sourcecode.swift; path = EmailValidCheck.swift; sourceTree = "<group>"; };
		33C762312ABCC70400E7A35E /* LoginView.swift */ = {isa = PBXFileReference; lastKnownFileType = sourcecode.swift; path = LoginView.swift; sourceTree = "<group>"; };
		33C762332ABCE66400E7A35E /* LoginBtnType.swift */ = {isa = PBXFileReference; lastKnownFileType = sourcecode.swift; path = LoginBtnType.swift; sourceTree = "<group>"; };
		33CE26812A6D8D6800E321F1 /* LoginViewModel.swift */ = {isa = PBXFileReference; lastKnownFileType = sourcecode.swift; path = LoginViewModel.swift; sourceTree = "<group>"; };
		33D51FBA2A80E84700194CF4 /* VersionViewController.swift */ = {isa = PBXFileReference; lastKnownFileType = sourcecode.swift; path = VersionViewController.swift; sourceTree = "<group>"; };
		33DDEA6B2ABB7E6200E1C4DE /* ThemeColor.swift */ = {isa = PBXFileReference; lastKnownFileType = sourcecode.swift; path = ThemeColor.swift; sourceTree = "<group>"; };
		33DDEA6E2ABB830E00E1C4DE /* LabelFactory.swift */ = {isa = PBXFileReference; lastKnownFileType = sourcecode.swift; path = LabelFactory.swift; sourceTree = "<group>"; };
		33DDEA712ABB840400E1C4DE /* ThemeFont.swift */ = {isa = PBXFileReference; lastKnownFileType = sourcecode.swift; path = ThemeFont.swift; sourceTree = "<group>"; };
		33DDEA732ABB864800E1C4DE /* AppConstraint.swift */ = {isa = PBXFileReference; lastKnownFileType = sourcecode.swift; path = AppConstraint.swift; sourceTree = "<group>"; };
		33DDEA752ABB886600E1C4DE /* AlarmView.swift */ = {isa = PBXFileReference; lastKnownFileType = sourcecode.swift; path = AlarmView.swift; sourceTree = "<group>"; };
		33DDEA772ABB8AA600E1C4DE /* ButtonFactory.swift */ = {isa = PBXFileReference; lastKnownFileType = sourcecode.swift; path = ButtonFactory.swift; sourceTree = "<group>"; };
		33DDEA792ABB980C00E1C4DE /* UIViewController+.swift */ = {isa = PBXFileReference; lastKnownFileType = sourcecode.swift; path = "UIViewController+.swift"; sourceTree = "<group>"; };
		33DDEA7B2ABBB39800E1C4DE /* PlannerView.swift */ = {isa = PBXFileReference; lastKnownFileType = sourcecode.swift; path = PlannerView.swift; sourceTree = "<group>"; };
		33DDEA7D2ABBCA3D00E1C4DE /* PlannerDetailView.swift */ = {isa = PBXFileReference; lastKnownFileType = sourcecode.swift; path = PlannerDetailView.swift; sourceTree = "<group>"; };
		33DDEA842ABC779700E1C4DE /* SettingView.swift */ = {isa = PBXFileReference; lastKnownFileType = sourcecode.swift; path = SettingView.swift; sourceTree = "<group>"; };
		33E06E642AB3FAAC003D9B19 /* TodoView.swift */ = {isa = PBXFileReference; lastKnownFileType = sourcecode.swift; path = TodoView.swift; sourceTree = "<group>"; };
		33E9EEF72A7920AC00E4F032 /* ProfileViewController.swift */ = {isa = PBXFileReference; lastKnownFileType = sourcecode.swift; path = ProfileViewController.swift; sourceTree = "<group>"; };
		33EAC0DA2A566C67001FE244 /* TodoTableViewCell.swift */ = {isa = PBXFileReference; lastKnownFileType = sourcecode.swift; path = TodoTableViewCell.swift; sourceTree = "<group>"; };
		575233B6E81781CE1EC73E56 /* Pods-PlanBee.release.xcconfig */ = {isa = PBXFileReference; includeInIndex = 1; lastKnownFileType = text.xcconfig; name = "Pods-PlanBee.release.xcconfig"; path = "Target Support Files/Pods-PlanBee/Pods-PlanBee.release.xcconfig"; sourceTree = "<group>"; };
		84C6532A9BC22B9625FB94AF /* Pods_PlanBee.framework */ = {isa = PBXFileReference; explicitFileType = wrapper.framework; includeInIndex = 0; path = Pods_PlanBee.framework; sourceTree = BUILT_PRODUCTS_DIR; };
		FE7C8B9B5AFB1ECF390FFFE2 /* Pods-PlanBee.debug.xcconfig */ = {isa = PBXFileReference; includeInIndex = 1; lastKnownFileType = text.xcconfig; name = "Pods-PlanBee.debug.xcconfig"; path = "Target Support Files/Pods-PlanBee/Pods-PlanBee.debug.xcconfig"; sourceTree = "<group>"; };
/* End PBXFileReference section */

/* Begin PBXFrameworksBuildPhase section */
		335507542A4D6D9C005FBE21 /* Frameworks */ = {
			isa = PBXFrameworksBuildPhase;
			buildActionMask = 2147483647;
			files = (
				3306AEF02A668B1800C14CC5 /* FirebaseMessaging in Frameworks */,
				3306AEE82A668B1800C14CC5 /* FirebaseDatabaseSwift in Frameworks */,
				335507732A4D6E1F005FBE21 /* SnapKit in Frameworks */,
				3306AEF42A668B1800C14CC5 /* FirebaseRemoteConfigSwift in Frameworks */,
				3306AEE42A668B1800C14CC5 /* FirebaseAuth in Frameworks */,
				3306AEEC2A668B1800C14CC5 /* FirebaseFirestore in Frameworks */,
				33DE12912A515B1800B3D3A7 /* FSCalendar in Frameworks */,
				3306AEEE2A668B1800C14CC5 /* FirebaseFirestoreSwift in Frameworks */,
				3306AEF62A668B1800C14CC5 /* FirebaseStorage in Frameworks */,
				330BA9BC2AA2729600335DF9 /* Alamofire in Frameworks */,
				3306AEE02A668B1800C14CC5 /* FirebaseAnalytics in Frameworks */,
				3306AEEA2A668B1800C14CC5 /* FirebaseDynamicLinks in Frameworks */,
				E186649517B587F88567D993 /* Pods_PlanBee.framework in Frameworks */,
				3306AEF22A668B1800C14CC5 /* FirebaseRemoteConfig in Frameworks */,
				3306AEE62A668B1800C14CC5 /* FirebaseDatabase in Frameworks */,
				3306AEE22A668B1800C14CC5 /* FirebaseAnalyticsSwift in Frameworks */,
			);
			runOnlyForDeploymentPostprocessing = 0;
		};
/* End PBXFrameworksBuildPhase section */

/* Begin PBXGroup section */
		2EF3BB858ED6750F16718408 /* Frameworks */ = {
			isa = PBXGroup;
			children = (
				84C6532A9BC22B9625FB94AF /* Pods_PlanBee.framework */,
			);
			name = Frameworks;
			sourceTree = "<group>";
		};
		331D39F52A5151CB00683211 /* Todo */ = {
			isa = PBXGroup;
			children = (
				33A3EB842AC0C115004A637F /* View */,
				33A3EB852AC0C138004A637F /* Cell */,
				33BC7AA72A605F1C009C9650 /* ViewModel */,
				33A3EB832AC0C10A004A637F /* VC */,
			);
			path = Todo;
			sourceTree = "<group>";
		};
		3338C7232A4DA1A80081CD07 /* Planner */ = {
			isa = PBXGroup;
			children = (
				33A3EB802AC0C0C4004A637F /* View */,
				33BC7AA92A605F40009C9650 /* ViewModel */,
				337FD7692A540FFD0088ABCE /* VC */,
			);
			path = Planner;
			sourceTree = "<group>";
		};
		3338C7242A4DA1B00081CD07 /* Setting */ = {
			isa = PBXGroup;
			children = (
				33A3EB7F2AC0BFC9004A637F /* View */,
				33693A872A67A9D0001A408D /* Cell */,
				33BC7AAB2A605F61009C9650 /* ViewModel */,
				33693A882A67A9E3001A408D /* VC */,
			);
			path = Setting;
			sourceTree = "<group>";
		};
		3338C7272A4DA25F0081CD07 /* Extension */ = {
			isa = PBXGroup;
			children = (
				334387AD2A59848C00291B68 /* DateFormatter+.swift */,
				330710342A533BE000A57A4B /* UITextField+.swift */,
				33052DE22A5E9B1E00CF024F /* UNUserNotificationCenter+.swift */,
				33DDEA792ABB980C00E1C4DE /* UIViewController+.swift */,
			);
			path = Extension;
			sourceTree = "<group>";
		};
		3338C7372A4DFC740081CD07 /* Models */ = {
			isa = PBXGroup;
			children = (
				33052DE42A5E9B5100CF024F /* Alert.swift */,
				3307B2572A6ADA65001FD5A4 /* FirebaseErrors.swift */,
				330BA9BF2AA2736100335DF9 /* MyTodo.swift */,
				331F0FA12A81C04A00491359 /* ProfileDetailItems.swift */,
				335C669E2A64709E00B48720 /* SettingItems.swift */,
				339E45402A503B1500F732CD /* Todo.swift */,
				339AE21E2ABA8A6C005E1666 /* UserInfo.swift */,
				339AE2202ABA973E005E1666 /* TokenInfo.swift */,
				33C762332ABCE66400E7A35E /* LoginBtnType.swift */,
			);
			path = Models;
			sourceTree = "<group>";
		};
		333CDA8C2A5CE5DF0051C591 /* Alarm */ = {
			isa = PBXGroup;
			children = (
				33A3EB812AC0C0FA004A637F /* View */,
				33BC7AA82A605F37009C9650 /* ViewModel */,
				33A3EB822AC0C102004A637F /* VC */,
			);
			path = Alarm;
			sourceTree = "<group>";
		};
		3355074E2A4D6D9C005FBE21 = {
			isa = PBXGroup;
			children = (
				33A4CF9F2A9397A200613B2D /* Settings.bundle */,
				3338C71D2A4D867C0081CD07 /* .swiftlint.yml */,
				335507592A4D6D9C005FBE21 /* PlanBee */,
				335507582A4D6D9C005FBE21 /* Products */,
				BCEC96877BBD6EEF8BF25334 /* Pods */,
				2EF3BB858ED6750F16718408 /* Frameworks */,
			);
			sourceTree = "<group>";
		};
		335507582A4D6D9C005FBE21 /* Products */ = {
			isa = PBXGroup;
			children = (
				335507572A4D6D9C005FBE21 /* PlanBee.app */,
			);
			name = Products;
			sourceTree = "<group>";
		};
		335507592A4D6D9C005FBE21 /* PlanBee */ = {
			isa = PBXGroup;
			children = (
				33A2341B2A7431C3006ED5EB /* PlanBee.entitlements */,
				3355075A2A4D6D9C005FBE21 /* AppDelegate.swift */,
				3355075C2A4D6D9C005FBE21 /* SceneDelegate.swift */,
				3351C59D2A658A8C00E915CC /* ImageIcons.swift */,
				3338C7322A4DF7D50081CD07 /* Store.swift */,
				33A7C6D62A5A8A6800D2ECF6 /* AccessoryImage.swift */,
				33C495602A69020C002D1591 /* EmailValidCheck.swift */,
				339D6B782A86245700B23328 /* ReturnPlanBee.swift */,
				33DDEA6D2ABB7E6D00E1C4DE /* Config */,
				33DDEA702ABB831500E1C4DE /* Factory */,
				3338C7272A4DA25F0081CD07 /* Extension */,
				33A7C6D82A5A973900D2ECF6 /* Managers */,
				3338C7372A4DFC740081CD07 /* Models */,
				335507762A4D6E50005FBE21 /* Scenes */,
				335507662A4D6D9D005FBE21 /* Assets.xcassets */,
				335507682A4D6D9D005FBE21 /* LaunchScreen.storyboard */,
				3355076B2A4D6D9D005FBE21 /* Info.plist */,
				3306AEDC2A66862200C14CC5 /* GoogleService-Info.plist */,
				335507632A4D6D9C005FBE21 /* PlanBee.xcdatamodeld */,
			);
			path = PlanBee;
			sourceTree = "<group>";
		};
		335507762A4D6E50005FBE21 /* Scenes */ = {
			isa = PBXGroup;
			children = (
				3338C71F2A4DA0840081CD07 /* TabBarController.swift */,
				331D39F52A5151CB00683211 /* Todo */,
				333CDA8C2A5CE5DF0051C591 /* Alarm */,
				3338C7232A4DA1A80081CD07 /* Planner */,
				3338C7242A4DA1B00081CD07 /* Setting */,
			);
			path = Scenes;
			sourceTree = "<group>";
		};
		33693A872A67A9D0001A408D /* Cell */ = {
			isa = PBXGroup;
			children = (
				3306AEF92A669C1D00C14CC5 /* ProfileCell.swift */,
				3359E3622A811F8A009AD85D /* ProfileDetailCell.swift */,
				335C669C2A64555700B48720 /* SettingCell.swift */,
			);
			path = Cell;
			sourceTree = "<group>";
		};
		33693A882A67A9E3001A408D /* VC */ = {
			isa = PBXGroup;
			children = (
				33693A892A684D79001A408D /* LoginViewController.swift */,
				33E9EEF72A7920AC00E4F032 /* ProfileViewController.swift */,
				3364A2132A8250D900EF1416 /* RevokeViewController.swift */,
				3338C7212A4DA1790081CD07 /* SettingViewController.swift */,
				33693A822A67A883001A408D /* SignInViewController.swift */,
				33D51FBA2A80E84700194CF4 /* VersionViewController.swift */,
			);
			path = VC;
			sourceTree = "<group>";
		};
		337FD7692A540FFD0088ABCE /* VC */ = {
			isa = PBXGroup;
			children = (
				337FD7672A540F980088ABCE /* PlannerDetailTableViewCell.swift */,
				334939B52A5292F5007EE8FA /* PlannerDetailViewController.swift */,
				335507742A4D6E49005FBE21 /* PlannerViewController.swift */,
			);
			path = VC;
			sourceTree = "<group>";
		};
		33A3EB7F2AC0BFC9004A637F /* View */ = {
			isa = PBXGroup;
			children = (
				33C762312ABCC70400E7A35E /* LoginView.swift */,
				33A3EB752AC00516004A637F /* ProfileView.swift */,
				33A3EB772AC093F3004A637F /* RevokeView.swift */,
				33DDEA842ABC779700E1C4DE /* SettingView.swift */,
				33A3EB792AC0A5E6004A637F /* SignInView.swift */,
				33A3EB7B2AC0AD67004A637F /* VersionView.swift */,
			);
			path = View;
			sourceTree = "<group>";
		};
		33A3EB802AC0C0C4004A637F /* View */ = {
			isa = PBXGroup;
			children = (
				33DDEA7B2ABBB39800E1C4DE /* PlannerView.swift */,
				33DDEA7D2ABBCA3D00E1C4DE /* PlannerDetailView.swift */,
			);
			path = View;
			sourceTree = "<group>";
		};
		33A3EB812AC0C0FA004A637F /* View */ = {
			isa = PBXGroup;
			children = (
				33DDEA752ABB886600E1C4DE /* AlarmView.swift */,
			);
			path = View;
			sourceTree = "<group>";
		};
		33A3EB822AC0C102004A637F /* VC */ = {
			isa = PBXGroup;
			children = (
				33A7C6D92A5B25E300D2ECF6 /* AlarmViewController.swift */,
			);
			path = VC;
			sourceTree = "<group>";
		};
		33A3EB832AC0C10A004A637F /* VC */ = {
			isa = PBXGroup;
			children = (
				331D39F32A51508900683211 /* TodoViewController.swift */,
			);
			path = VC;
			sourceTree = "<group>";
		};
		33A3EB842AC0C115004A637F /* View */ = {
			isa = PBXGroup;
			children = (
				33E06E642AB3FAAC003D9B19 /* TodoView.swift */,
			);
			path = View;
			sourceTree = "<group>";
		};
		33A3EB852AC0C138004A637F /* Cell */ = {
			isa = PBXGroup;
			children = (
				33EAC0DA2A566C67001FE244 /* TodoTableViewCell.swift */,
			);
			path = Cell;
			sourceTree = "<group>";
		};
		33A7C6D82A5A973900D2ECF6 /* Managers */ = {
			isa = PBXGroup;
			children = (
				3338C7352A4DFC520081CD07 /* CoreDataManager.swift */,
				3306AEF72A669B1000C14CC5 /* FirebaseManager.swift */,
				334039B72A7B6ECC0050C9F5 /* FirestoreManager.swift */,
				330710362A53425300A57A4B /* TodoManager.swift */,
				339D6B762A8601FE00B23328 /* UserDefaultsManager.swift */,
				333BE9F42A61B22D006184C0 /* UserNotificationManager.swift */,
			);
			path = Managers;
			sourceTree = "<group>";
		};
		33BC7AA72A605F1C009C9650 /* ViewModel */ = {
			isa = PBXGroup;
			children = (
				3324F67A2A5C4E4E002F70C6 /* TodoViewModel.swift */,
			);
			path = ViewModel;
			sourceTree = "<group>";
		};
		33BC7AA82A605F37009C9650 /* ViewModel */ = {
			isa = PBXGroup;
			children = (
				333CDA912A5CF5240051C591 /* AlarmViewModel.swift */,
			);
			path = ViewModel;
			sourceTree = "<group>";
		};
		33BC7AA92A605F40009C9650 /* ViewModel */ = {
			isa = PBXGroup;
			children = (
				333CDA8D2A5CE7300051C591 /* PlannerViewModel.swift */,
				3324F67C2A5C590A002F70C6 /* PlannerDetailViewModel.swift */,
			);
			path = ViewModel;
			sourceTree = "<group>";
		};
		33BC7AAB2A605F61009C9650 /* ViewModel */ = {
			isa = PBXGroup;
			children = (
				33CE26812A6D8D6800E321F1 /* LoginViewModel.swift */,
				3359E3602A8115A7009AD85D /* ProfileViewModel.swift */,
				339D6B742A85CF3A00B23328 /* RevokeViewModel.swift */,
				333CDA8F2A5CF49F0051C591 /* SettingViewModel.swift */,
				3306AED62A667DA200C14CC5 /* SettingCellViewModel.swift */,
				3306AEFB2A66F41F00C14CC5 /* SettingProfileCellViewModel.swift */,
			);
			path = ViewModel;
			sourceTree = "<group>";
		};
		33DDEA6D2ABB7E6D00E1C4DE /* Config */ = {
			isa = PBXGroup;
			children = (
				33DDEA732ABB864800E1C4DE /* AppConstraint.swift */,
				33DDEA6B2ABB7E6200E1C4DE /* ThemeColor.swift */,
				33DDEA712ABB840400E1C4DE /* ThemeFont.swift */,
			);
			path = Config;
			sourceTree = "<group>";
		};
		33DDEA702ABB831500E1C4DE /* Factory */ = {
			isa = PBXGroup;
			children = (
				33A5B4952ABF634200803A32 /* AlertFactory.swift */,
				33DDEA772ABB8AA600E1C4DE /* ButtonFactory.swift */,
				33DDEA6E2ABB830E00E1C4DE /* LabelFactory.swift */,
			);
			path = Factory;
			sourceTree = "<group>";
		};
		BCEC96877BBD6EEF8BF25334 /* Pods */ = {
			isa = PBXGroup;
			children = (
				FE7C8B9B5AFB1ECF390FFFE2 /* Pods-PlanBee.debug.xcconfig */,
				575233B6E81781CE1EC73E56 /* Pods-PlanBee.release.xcconfig */,
			);
			path = Pods;
			sourceTree = "<group>";
		};
/* End PBXGroup section */

/* Begin PBXNativeTarget section */
		335507562A4D6D9C005FBE21 /* PlanBee */ = {
			isa = PBXNativeTarget;
			buildConfigurationList = 3355076E2A4D6D9D005FBE21 /* Build configuration list for PBXNativeTarget "PlanBee" */;
			buildPhases = (
				0CC2696EEA38AB1E16568C2C /* [CP] Check Pods Manifest.lock */,
				335507532A4D6D9C005FBE21 /* Sources */,
				335507542A4D6D9C005FBE21 /* Frameworks */,
				335507552A4D6D9C005FBE21 /* Resources */,
				3338C71A2A4D74A30081CD07 /* SwiftLint */,
			);
			buildRules = (
			);
			dependencies = (
			);
			name = PlanBee;
			packageProductDependencies = (
				335507722A4D6E1F005FBE21 /* SnapKit */,
				33DE12902A515B1800B3D3A7 /* FSCalendar */,
				3306AEDF2A668B1800C14CC5 /* FirebaseAnalytics */,
				3306AEE12A668B1800C14CC5 /* FirebaseAnalyticsSwift */,
				3306AEE32A668B1800C14CC5 /* FirebaseAuth */,
				3306AEE52A668B1800C14CC5 /* FirebaseDatabase */,
				3306AEE72A668B1800C14CC5 /* FirebaseDatabaseSwift */,
				3306AEE92A668B1800C14CC5 /* FirebaseDynamicLinks */,
				3306AEEB2A668B1800C14CC5 /* FirebaseFirestore */,
				3306AEED2A668B1800C14CC5 /* FirebaseFirestoreSwift */,
				3306AEEF2A668B1800C14CC5 /* FirebaseMessaging */,
				3306AEF12A668B1800C14CC5 /* FirebaseRemoteConfig */,
				3306AEF32A668B1800C14CC5 /* FirebaseRemoteConfigSwift */,
				3306AEF52A668B1800C14CC5 /* FirebaseStorage */,
				330BA9BB2AA2729600335DF9 /* Alamofire */,
			);
			productName = PlanBee;
			productReference = 335507572A4D6D9C005FBE21 /* PlanBee.app */;
			productType = "com.apple.product-type.application";
		};
/* End PBXNativeTarget section */

/* Begin PBXProject section */
		3355074F2A4D6D9C005FBE21 /* Project object */ = {
			isa = PBXProject;
			attributes = {
				BuildIndependentTargetsInParallel = 1;
				LastSwiftUpdateCheck = 1430;
				LastUpgradeCheck = 1430;
				TargetAttributes = {
					335507562A4D6D9C005FBE21 = {
						CreatedOnToolsVersion = 14.3.1;
					};
				};
			};
			buildConfigurationList = 335507522A4D6D9C005FBE21 /* Build configuration list for PBXProject "PlanBee" */;
			compatibilityVersion = "Xcode 14.0";
			developmentRegion = "ko-KR";
			hasScannedForEncodings = 0;
			knownRegions = (
				en,
				Base,
				"ko-KR",
			);
			mainGroup = 3355074E2A4D6D9C005FBE21;
			packageReferences = (
				335507712A4D6E1F005FBE21 /* XCRemoteSwiftPackageReference "SnapKit" */,
				33DE128F2A515B1800B3D3A7 /* XCRemoteSwiftPackageReference "FSCalendar" */,
				3306AEDE2A668B1800C14CC5 /* XCRemoteSwiftPackageReference "firebase-ios-sdk" */,
				330BA9BA2AA2729600335DF9 /* XCRemoteSwiftPackageReference "Alamofire" */,
			);
			productRefGroup = 335507582A4D6D9C005FBE21 /* Products */;
			projectDirPath = "";
			projectRoot = "";
			targets = (
				335507562A4D6D9C005FBE21 /* PlanBee */,
			);
		};
/* End PBXProject section */

/* Begin PBXResourcesBuildPhase section */
		335507552A4D6D9C005FBE21 /* Resources */ = {
			isa = PBXResourcesBuildPhase;
			buildActionMask = 2147483647;
			files = (
				3338C71E2A4D867C0081CD07 /* .swiftlint.yml in Resources */,
				3306AEDD2A66862200C14CC5 /* GoogleService-Info.plist in Resources */,
				33A4CFA02A9397A200613B2D /* Settings.bundle in Resources */,
				3355076A2A4D6D9D005FBE21 /* LaunchScreen.storyboard in Resources */,
				335507672A4D6D9D005FBE21 /* Assets.xcassets in Resources */,
			);
			runOnlyForDeploymentPostprocessing = 0;
		};
/* End PBXResourcesBuildPhase section */

/* Begin PBXShellScriptBuildPhase section */
		0CC2696EEA38AB1E16568C2C /* [CP] Check Pods Manifest.lock */ = {
			isa = PBXShellScriptBuildPhase;
			buildActionMask = 2147483647;
			files = (
			);
			inputFileListPaths = (
			);
			inputPaths = (
				"${PODS_PODFILE_DIR_PATH}/Podfile.lock",
				"${PODS_ROOT}/Manifest.lock",
			);
			name = "[CP] Check Pods Manifest.lock";
			outputFileListPaths = (
			);
			outputPaths = (
				"$(DERIVED_FILE_DIR)/Pods-PlanBee-checkManifestLockResult.txt",
			);
			runOnlyForDeploymentPostprocessing = 0;
			shellPath = /bin/sh;
			shellScript = "diff \"${PODS_PODFILE_DIR_PATH}/Podfile.lock\" \"${PODS_ROOT}/Manifest.lock\" > /dev/null\nif [ $? != 0 ] ; then\n    # print error to STDERR\n    echo \"error: The sandbox is not in sync with the Podfile.lock. Run 'pod install' or update your CocoaPods installation.\" >&2\n    exit 1\nfi\n# This output is used by Xcode 'outputs' to avoid re-running this script phase.\necho \"SUCCESS\" > \"${SCRIPT_OUTPUT_FILE_0}\"\n";
			showEnvVarsInLog = 0;
		};
		3338C71A2A4D74A30081CD07 /* SwiftLint */ = {
			isa = PBXShellScriptBuildPhase;
			buildActionMask = 2147483647;
			files = (
			);
			inputFileListPaths = (
			);
			inputPaths = (
			);
			name = SwiftLint;
			outputFileListPaths = (
			);
			outputPaths = (
			);
			runOnlyForDeploymentPostprocessing = 0;
			shellPath = /bin/sh;
			shellScript = "${PODS_ROOT}/SwiftLint/swiftlint\n";
		};
/* End PBXShellScriptBuildPhase section */

/* Begin PBXSourcesBuildPhase section */
		335507532A4D6D9C005FBE21 /* Sources */ = {
			isa = PBXSourcesBuildPhase;
			buildActionMask = 2147483647;
			files = (
				3355075B2A4D6D9C005FBE21 /* AppDelegate.swift in Sources */,
				33C495612A69020C002D1591 /* EmailValidCheck.swift in Sources */,
				33DDEA782ABB8AA600E1C4DE /* ButtonFactory.swift in Sources */,
				33E06E652AB3FAAC003D9B19 /* TodoView.swift in Sources */,
				330710352A533BE000A57A4B /* UITextField+.swift in Sources */,
				33DDEA852ABC779700E1C4DE /* SettingView.swift in Sources */,
				33A7C6D72A5A8A6800D2ECF6 /* AccessoryImage.swift in Sources */,
				3359E3632A811F8A009AD85D /* ProfileDetailCell.swift in Sources */,
				3355075D2A4D6D9C005FBE21 /* SceneDelegate.swift in Sources */,
				3324F67D2A5C590A002F70C6 /* PlannerDetailViewModel.swift in Sources */,
				33E9EEF82A7920AC00E4F032 /* ProfileViewController.swift in Sources */,
				33DDEA6C2ABB7E6200E1C4DE /* ThemeColor.swift in Sources */,
				3306AEFC2A66F41F00C14CC5 /* SettingProfileCellViewModel.swift in Sources */,
				339AE2212ABA973E005E1666 /* TokenInfo.swift in Sources */,
				335C669F2A64709E00B48720 /* SettingItems.swift in Sources */,
				333BE9F52A61B22D006184C0 /* UserNotificationManager.swift in Sources */,
				335C669D2A64555700B48720 /* SettingCell.swift in Sources */,
				334939B62A5292F5007EE8FA /* PlannerDetailViewController.swift in Sources */,
				3306AED72A667DA200C14CC5 /* SettingCellViewModel.swift in Sources */,
				33052DE32A5E9B1E00CF024F /* UNUserNotificationCenter+.swift in Sources */,
				3351C59E2A658A8C00E915CC /* ImageIcons.swift in Sources */,
				33DDEA7A2ABB980C00E1C4DE /* UIViewController+.swift in Sources */,
				33A3EB782AC093F3004A637F /* RevokeView.swift in Sources */,
				33DDEA7C2ABBB39800E1C4DE /* PlannerView.swift in Sources */,
				334039B82A7B6ECC0050C9F5 /* FirestoreManager.swift in Sources */,
				33A7C6DA2A5B25E300D2ECF6 /* AlarmViewController.swift in Sources */,
				33C762322ABCC70400E7A35E /* LoginView.swift in Sources */,
				33C762342ABCE66400E7A35E /* LoginBtnType.swift in Sources */,
				3364A2142A8250D900EF1416 /* RevokeViewController.swift in Sources */,
				33DDEA7E2ABBCA3D00E1C4DE /* PlannerDetailView.swift in Sources */,
				335507652A4D6D9C005FBE21 /* PlanBee.xcdatamodeld in Sources */,
				3338C7332A4DF7D50081CD07 /* Store.swift in Sources */,
				3324F67B2A5C4E4E002F70C6 /* TodoViewModel.swift in Sources */,
				3306AEF82A669B1000C14CC5 /* FirebaseManager.swift in Sources */,
				3306AEFA2A669C1D00C14CC5 /* ProfileCell.swift in Sources */,
				33DDEA742ABB864800E1C4DE /* AppConstraint.swift in Sources */,
				33CE26822A6D8D6800E321F1 /* LoginViewModel.swift in Sources */,
				334387AE2A59848C00291B68 /* DateFormatter+.swift in Sources */,
				3307B2582A6ADA65001FD5A4 /* FirebaseErrors.swift in Sources */,
				333CDA8E2A5CE7300051C591 /* PlannerViewModel.swift in Sources */,
				339E45412A503B1500F732CD /* Todo.swift in Sources */,
				3338C7202A4DA0840081CD07 /* TabBarController.swift in Sources */,
				335507752A4D6E49005FBE21 /* PlannerViewController.swift in Sources */,
				339AE21F2ABA8A6C005E1666 /* UserInfo.swift in Sources */,
				333CDA902A5CF49F0051C591 /* SettingViewModel.swift in Sources */,
				339D6B752A85CF3A00B23328 /* RevokeViewModel.swift in Sources */,
				330BA9C02AA2736100335DF9 /* MyTodo.swift in Sources */,
				333CDA922A5CF5240051C591 /* AlarmViewModel.swift in Sources */,
				331F0FA22A81C04A00491359 /* ProfileDetailItems.swift in Sources */,
				33A5B4962ABF634200803A32 /* AlertFactory.swift in Sources */,
				339D6B792A86245700B23328 /* ReturnPlanBee.swift in Sources */,
				33052DE52A5E9B5100CF024F /* Alert.swift in Sources */,
				330710372A53425300A57A4B /* TodoManager.swift in Sources */,
				33693A8A2A684D79001A408D /* LoginViewController.swift in Sources */,
				3338C7362A4DFC520081CD07 /* CoreDataManager.swift in Sources */,
				339D6B772A8601FE00B23328 /* UserDefaultsManager.swift in Sources */,
				3359E3612A8115A7009AD85D /* ProfileViewModel.swift in Sources */,
				33EAC0DB2A566C67001FE244 /* TodoTableViewCell.swift in Sources */,
				3338C7222A4DA1790081CD07 /* SettingViewController.swift in Sources */,
				331D39F42A51508900683211 /* TodoViewController.swift in Sources */,
				33A3EB762AC00516004A637F /* ProfileView.swift in Sources */,
				33DDEA722ABB840400E1C4DE /* ThemeFont.swift in Sources */,
				33A3EB7A2AC0A5E6004A637F /* SignInView.swift in Sources */,
				33693A832A67A883001A408D /* SignInViewController.swift in Sources */,
				33D51FBB2A80E84700194CF4 /* VersionViewController.swift in Sources */,
				33DDEA6F2ABB830E00E1C4DE /* LabelFactory.swift in Sources */,
				33DDEA762ABB886600E1C4DE /* AlarmView.swift in Sources */,
				337FD7682A540F980088ABCE /* PlannerDetailTableViewCell.swift in Sources */,
				33A3EB7C2AC0AD67004A637F /* VersionView.swift in Sources */,
			);
			runOnlyForDeploymentPostprocessing = 0;
		};
/* End PBXSourcesBuildPhase section */

/* Begin PBXVariantGroup section */
		335507682A4D6D9D005FBE21 /* LaunchScreen.storyboard */ = {
			isa = PBXVariantGroup;
			children = (
				335507692A4D6D9D005FBE21 /* Base */,
				331E53A12A51580600788F71 /* ko-KR */,
			);
			name = LaunchScreen.storyboard;
			sourceTree = "<group>";
		};
/* End PBXVariantGroup section */

/* Begin XCBuildConfiguration section */
		3355076C2A4D6D9D005FBE21 /* Debug */ = {
			isa = XCBuildConfiguration;
			buildSettings = {
				ALWAYS_SEARCH_USER_PATHS = NO;
				CLANG_ANALYZER_LOCALIZABILITY_NONLOCALIZED = YES;
				CLANG_ANALYZER_NONNULL = YES;
				CLANG_ANALYZER_NUMBER_OBJECT_CONVERSION = YES_AGGRESSIVE;
				CLANG_CXX_LANGUAGE_STANDARD = "gnu++20";
				CLANG_ENABLE_MODULES = YES;
				CLANG_ENABLE_OBJC_ARC = YES;
				CLANG_ENABLE_OBJC_WEAK = YES;
				CLANG_WARN_BLOCK_CAPTURE_AUTORELEASING = YES;
				CLANG_WARN_BOOL_CONVERSION = YES;
				CLANG_WARN_COMMA = YES;
				CLANG_WARN_CONSTANT_CONVERSION = YES;
				CLANG_WARN_DEPRECATED_OBJC_IMPLEMENTATIONS = YES;
				CLANG_WARN_DIRECT_OBJC_ISA_USAGE = YES_ERROR;
				CLANG_WARN_DOCUMENTATION_COMMENTS = YES;
				CLANG_WARN_EMPTY_BODY = YES;
				CLANG_WARN_ENUM_CONVERSION = YES;
				CLANG_WARN_INFINITE_RECURSION = YES;
				CLANG_WARN_INT_CONVERSION = YES;
				CLANG_WARN_NON_LITERAL_NULL_CONVERSION = YES;
				CLANG_WARN_OBJC_IMPLICIT_RETAIN_SELF = YES;
				CLANG_WARN_OBJC_LITERAL_CONVERSION = YES;
				CLANG_WARN_OBJC_ROOT_CLASS = YES_ERROR;
				CLANG_WARN_QUOTED_INCLUDE_IN_FRAMEWORK_HEADER = YES;
				CLANG_WARN_RANGE_LOOP_ANALYSIS = YES;
				CLANG_WARN_STRICT_PROTOTYPES = YES;
				CLANG_WARN_SUSPICIOUS_MOVE = YES;
				CLANG_WARN_UNGUARDED_AVAILABILITY = YES_AGGRESSIVE;
				CLANG_WARN_UNREACHABLE_CODE = YES;
				CLANG_WARN__DUPLICATE_METHOD_MATCH = YES;
				COPY_PHASE_STRIP = NO;
				DEBUG_INFORMATION_FORMAT = dwarf;
				ENABLE_STRICT_OBJC_MSGSEND = YES;
				ENABLE_TESTABILITY = YES;
				GCC_C_LANGUAGE_STANDARD = gnu11;
				GCC_DYNAMIC_NO_PIC = NO;
				GCC_NO_COMMON_BLOCKS = YES;
				GCC_OPTIMIZATION_LEVEL = 0;
				GCC_PREPROCESSOR_DEFINITIONS = (
					"DEBUG=1",
					"$(inherited)",
				);
				GCC_WARN_64_TO_32_BIT_CONVERSION = YES;
				GCC_WARN_ABOUT_RETURN_TYPE = YES_ERROR;
				GCC_WARN_UNDECLARED_SELECTOR = YES;
				GCC_WARN_UNINITIALIZED_AUTOS = YES_AGGRESSIVE;
				GCC_WARN_UNUSED_FUNCTION = YES;
				GCC_WARN_UNUSED_VARIABLE = YES;
				IPHONEOS_DEPLOYMENT_TARGET = 13.0;
				MTL_ENABLE_DEBUG_INFO = INCLUDE_SOURCE;
				MTL_FAST_MATH = YES;
				ONLY_ACTIVE_ARCH = YES;
				SDKROOT = iphoneos;
				SWIFT_ACTIVE_COMPILATION_CONDITIONS = DEBUG;
				SWIFT_OPTIMIZATION_LEVEL = "-Onone";
			};
			name = Debug;
		};
		3355076D2A4D6D9D005FBE21 /* Release */ = {
			isa = XCBuildConfiguration;
			buildSettings = {
				ALWAYS_SEARCH_USER_PATHS = NO;
				CLANG_ANALYZER_LOCALIZABILITY_NONLOCALIZED = YES;
				CLANG_ANALYZER_NONNULL = YES;
				CLANG_ANALYZER_NUMBER_OBJECT_CONVERSION = YES_AGGRESSIVE;
				CLANG_CXX_LANGUAGE_STANDARD = "gnu++20";
				CLANG_ENABLE_MODULES = YES;
				CLANG_ENABLE_OBJC_ARC = YES;
				CLANG_ENABLE_OBJC_WEAK = YES;
				CLANG_WARN_BLOCK_CAPTURE_AUTORELEASING = YES;
				CLANG_WARN_BOOL_CONVERSION = YES;
				CLANG_WARN_COMMA = YES;
				CLANG_WARN_CONSTANT_CONVERSION = YES;
				CLANG_WARN_DEPRECATED_OBJC_IMPLEMENTATIONS = YES;
				CLANG_WARN_DIRECT_OBJC_ISA_USAGE = YES_ERROR;
				CLANG_WARN_DOCUMENTATION_COMMENTS = YES;
				CLANG_WARN_EMPTY_BODY = YES;
				CLANG_WARN_ENUM_CONVERSION = YES;
				CLANG_WARN_INFINITE_RECURSION = YES;
				CLANG_WARN_INT_CONVERSION = YES;
				CLANG_WARN_NON_LITERAL_NULL_CONVERSION = YES;
				CLANG_WARN_OBJC_IMPLICIT_RETAIN_SELF = YES;
				CLANG_WARN_OBJC_LITERAL_CONVERSION = YES;
				CLANG_WARN_OBJC_ROOT_CLASS = YES_ERROR;
				CLANG_WARN_QUOTED_INCLUDE_IN_FRAMEWORK_HEADER = YES;
				CLANG_WARN_RANGE_LOOP_ANALYSIS = YES;
				CLANG_WARN_STRICT_PROTOTYPES = YES;
				CLANG_WARN_SUSPICIOUS_MOVE = YES;
				CLANG_WARN_UNGUARDED_AVAILABILITY = YES_AGGRESSIVE;
				CLANG_WARN_UNREACHABLE_CODE = YES;
				CLANG_WARN__DUPLICATE_METHOD_MATCH = YES;
				COPY_PHASE_STRIP = NO;
				DEBUG_INFORMATION_FORMAT = "dwarf-with-dsym";
				ENABLE_NS_ASSERTIONS = NO;
				ENABLE_STRICT_OBJC_MSGSEND = YES;
				GCC_C_LANGUAGE_STANDARD = gnu11;
				GCC_NO_COMMON_BLOCKS = YES;
				GCC_WARN_64_TO_32_BIT_CONVERSION = YES;
				GCC_WARN_ABOUT_RETURN_TYPE = YES_ERROR;
				GCC_WARN_UNDECLARED_SELECTOR = YES;
				GCC_WARN_UNINITIALIZED_AUTOS = YES_AGGRESSIVE;
				GCC_WARN_UNUSED_FUNCTION = YES;
				GCC_WARN_UNUSED_VARIABLE = YES;
				IPHONEOS_DEPLOYMENT_TARGET = 13.0;
				MTL_ENABLE_DEBUG_INFO = NO;
				MTL_FAST_MATH = YES;
				SDKROOT = iphoneos;
				SWIFT_COMPILATION_MODE = wholemodule;
				SWIFT_OPTIMIZATION_LEVEL = "-O";
				VALIDATE_PRODUCT = YES;
			};
			name = Release;
		};
		3355076F2A4D6D9D005FBE21 /* Debug */ = {
			isa = XCBuildConfiguration;
			baseConfigurationReference = FE7C8B9B5AFB1ECF390FFFE2 /* Pods-PlanBee.debug.xcconfig */;
			buildSettings = {
				ASSETCATALOG_COMPILER_APPICON_NAME = AppIcon;
				ASSETCATALOG_COMPILER_GLOBAL_ACCENT_COLOR_NAME = AccentColor;
				CODE_SIGN_ENTITLEMENTS = PlanBee/PlanBee.entitlements;
				CODE_SIGN_STYLE = Automatic;
				CURRENT_PROJECT_VERSION = 1;
				DEVELOPMENT_TEAM = HJ943JVKX7;
				GENERATE_INFOPLIST_FILE = YES;
				INFOPLIST_FILE = PlanBee/Info.plist;
				INFOPLIST_KEY_UIApplicationSupportsIndirectInputEvents = YES;
				INFOPLIST_KEY_UILaunchStoryboardName = LaunchScreen;
				INFOPLIST_KEY_UISupportedInterfaceOrientations_iPad = "UIInterfaceOrientationPortrait UIInterfaceOrientationPortraitUpsideDown UIInterfaceOrientationLandscapeLeft UIInterfaceOrientationLandscapeRight";
				INFOPLIST_KEY_UISupportedInterfaceOrientations_iPhone = "UIInterfaceOrientationPortrait UIInterfaceOrientationLandscapeLeft UIInterfaceOrientationLandscapeRight";
				IPHONEOS_DEPLOYMENT_TARGET = 13.4;
				LD_RUNPATH_SEARCH_PATHS = (
					"$(inherited)",
					"@executable_path/Frameworks",
				);
				MARKETING_VERSION = 1.0.0;
				PRODUCT_BUNDLE_IDENTIFIER = "z-wook.PlanBee";
				PRODUCT_NAME = "$(TARGET_NAME)";
				SUPPORTED_PLATFORMS = "iphoneos iphonesimulator";
				SUPPORTS_MACCATALYST = NO;
				SUPPORTS_MAC_DESIGNED_FOR_IPHONE_IPAD = NO;
				SWIFT_EMIT_LOC_STRINGS = YES;
				SWIFT_VERSION = 5.0;
				TARGETED_DEVICE_FAMILY = "1,2";
			};
			name = Debug;
		};
		335507702A4D6D9D005FBE21 /* Release */ = {
			isa = XCBuildConfiguration;
			baseConfigurationReference = 575233B6E81781CE1EC73E56 /* Pods-PlanBee.release.xcconfig */;
			buildSettings = {
				ASSETCATALOG_COMPILER_APPICON_NAME = AppIcon;
				ASSETCATALOG_COMPILER_GLOBAL_ACCENT_COLOR_NAME = AccentColor;
				CODE_SIGN_ENTITLEMENTS = PlanBee/PlanBee.entitlements;
				CODE_SIGN_STYLE = Automatic;
				CURRENT_PROJECT_VERSION = 1;
				DEVELOPMENT_TEAM = HJ943JVKX7;
				GENERATE_INFOPLIST_FILE = YES;
				INFOPLIST_FILE = PlanBee/Info.plist;
				INFOPLIST_KEY_UIApplicationSupportsIndirectInputEvents = YES;
				INFOPLIST_KEY_UILaunchStoryboardName = LaunchScreen;
				INFOPLIST_KEY_UISupportedInterfaceOrientations_iPad = "UIInterfaceOrientationPortrait UIInterfaceOrientationPortraitUpsideDown UIInterfaceOrientationLandscapeLeft UIInterfaceOrientationLandscapeRight";
				INFOPLIST_KEY_UISupportedInterfaceOrientations_iPhone = "UIInterfaceOrientationPortrait UIInterfaceOrientationLandscapeLeft UIInterfaceOrientationLandscapeRight";
				IPHONEOS_DEPLOYMENT_TARGET = 13.4;
				LD_RUNPATH_SEARCH_PATHS = (
					"$(inherited)",
					"@executable_path/Frameworks",
				);
				MARKETING_VERSION = 1.0.0;
				PRODUCT_BUNDLE_IDENTIFIER = "z-wook.PlanBee";
				PRODUCT_NAME = "$(TARGET_NAME)";
				SUPPORTED_PLATFORMS = "iphoneos iphonesimulator";
				SUPPORTS_MACCATALYST = NO;
				SUPPORTS_MAC_DESIGNED_FOR_IPHONE_IPAD = NO;
				SWIFT_EMIT_LOC_STRINGS = YES;
				SWIFT_VERSION = 5.0;
				TARGETED_DEVICE_FAMILY = "1,2";
			};
			name = Release;
		};
/* End XCBuildConfiguration section */

/* Begin XCConfigurationList section */
		335507522A4D6D9C005FBE21 /* Build configuration list for PBXProject "PlanBee" */ = {
			isa = XCConfigurationList;
			buildConfigurations = (
				3355076C2A4D6D9D005FBE21 /* Debug */,
				3355076D2A4D6D9D005FBE21 /* Release */,
			);
			defaultConfigurationIsVisible = 0;
			defaultConfigurationName = Release;
		};
		3355076E2A4D6D9D005FBE21 /* Build configuration list for PBXNativeTarget "PlanBee" */ = {
			isa = XCConfigurationList;
			buildConfigurations = (
				3355076F2A4D6D9D005FBE21 /* Debug */,
				335507702A4D6D9D005FBE21 /* Release */,
			);
			defaultConfigurationIsVisible = 0;
			defaultConfigurationName = Release;
		};
/* End XCConfigurationList section */

/* Begin XCRemoteSwiftPackageReference section */
		3306AEDE2A668B1800C14CC5 /* XCRemoteSwiftPackageReference "firebase-ios-sdk" */ = {
			isa = XCRemoteSwiftPackageReference;
			repositoryURL = "https://github.com/firebase/firebase-ios-sdk";
			requirement = {
				kind = upToNextMajorVersion;
				minimumVersion = 10.0.0;
			};
		};
		330BA9BA2AA2729600335DF9 /* XCRemoteSwiftPackageReference "Alamofire" */ = {
			isa = XCRemoteSwiftPackageReference;
			repositoryURL = "https://github.com/Alamofire/Alamofire";
			requirement = {
				kind = upToNextMajorVersion;
				minimumVersion = 5.0.0;
			};
		};
		335507712A4D6E1F005FBE21 /* XCRemoteSwiftPackageReference "SnapKit" */ = {
			isa = XCRemoteSwiftPackageReference;
			repositoryURL = "https://github.com/SnapKit/SnapKit";
			requirement = {
				kind = upToNextMajorVersion;
				minimumVersion = 5.0.0;
			};
		};
		33DE128F2A515B1800B3D3A7 /* XCRemoteSwiftPackageReference "FSCalendar" */ = {
			isa = XCRemoteSwiftPackageReference;
			repositoryURL = "https://github.com/WenchaoD/FSCalendar.git";
			requirement = {
				kind = upToNextMajorVersion;
				minimumVersion = 2.0.0;
			};
		};
/* End XCRemoteSwiftPackageReference section */

/* Begin XCSwiftPackageProductDependency section */
		3306AEDF2A668B1800C14CC5 /* FirebaseAnalytics */ = {
			isa = XCSwiftPackageProductDependency;
			package = 3306AEDE2A668B1800C14CC5 /* XCRemoteSwiftPackageReference "firebase-ios-sdk" */;
			productName = FirebaseAnalytics;
		};
		3306AEE12A668B1800C14CC5 /* FirebaseAnalyticsSwift */ = {
			isa = XCSwiftPackageProductDependency;
			package = 3306AEDE2A668B1800C14CC5 /* XCRemoteSwiftPackageReference "firebase-ios-sdk" */;
			productName = FirebaseAnalyticsSwift;
		};
		3306AEE32A668B1800C14CC5 /* FirebaseAuth */ = {
			isa = XCSwiftPackageProductDependency;
			package = 3306AEDE2A668B1800C14CC5 /* XCRemoteSwiftPackageReference "firebase-ios-sdk" */;
			productName = FirebaseAuth;
		};
		3306AEE52A668B1800C14CC5 /* FirebaseDatabase */ = {
			isa = XCSwiftPackageProductDependency;
			package = 3306AEDE2A668B1800C14CC5 /* XCRemoteSwiftPackageReference "firebase-ios-sdk" */;
			productName = FirebaseDatabase;
		};
		3306AEE72A668B1800C14CC5 /* FirebaseDatabaseSwift */ = {
			isa = XCSwiftPackageProductDependency;
			package = 3306AEDE2A668B1800C14CC5 /* XCRemoteSwiftPackageReference "firebase-ios-sdk" */;
			productName = FirebaseDatabaseSwift;
		};
		3306AEE92A668B1800C14CC5 /* FirebaseDynamicLinks */ = {
			isa = XCSwiftPackageProductDependency;
			package = 3306AEDE2A668B1800C14CC5 /* XCRemoteSwiftPackageReference "firebase-ios-sdk" */;
			productName = FirebaseDynamicLinks;
		};
		3306AEEB2A668B1800C14CC5 /* FirebaseFirestore */ = {
			isa = XCSwiftPackageProductDependency;
			package = 3306AEDE2A668B1800C14CC5 /* XCRemoteSwiftPackageReference "firebase-ios-sdk" */;
			productName = FirebaseFirestore;
		};
		3306AEED2A668B1800C14CC5 /* FirebaseFirestoreSwift */ = {
			isa = XCSwiftPackageProductDependency;
			package = 3306AEDE2A668B1800C14CC5 /* XCRemoteSwiftPackageReference "firebase-ios-sdk" */;
			productName = FirebaseFirestoreSwift;
		};
		3306AEEF2A668B1800C14CC5 /* FirebaseMessaging */ = {
			isa = XCSwiftPackageProductDependency;
			package = 3306AEDE2A668B1800C14CC5 /* XCRemoteSwiftPackageReference "firebase-ios-sdk" */;
			productName = FirebaseMessaging;
		};
		3306AEF12A668B1800C14CC5 /* FirebaseRemoteConfig */ = {
			isa = XCSwiftPackageProductDependency;
			package = 3306AEDE2A668B1800C14CC5 /* XCRemoteSwiftPackageReference "firebase-ios-sdk" */;
			productName = FirebaseRemoteConfig;
		};
		3306AEF32A668B1800C14CC5 /* FirebaseRemoteConfigSwift */ = {
			isa = XCSwiftPackageProductDependency;
			package = 3306AEDE2A668B1800C14CC5 /* XCRemoteSwiftPackageReference "firebase-ios-sdk" */;
			productName = FirebaseRemoteConfigSwift;
		};
		3306AEF52A668B1800C14CC5 /* FirebaseStorage */ = {
			isa = XCSwiftPackageProductDependency;
			package = 3306AEDE2A668B1800C14CC5 /* XCRemoteSwiftPackageReference "firebase-ios-sdk" */;
			productName = FirebaseStorage;
		};
		330BA9BB2AA2729600335DF9 /* Alamofire */ = {
			isa = XCSwiftPackageProductDependency;
			package = 330BA9BA2AA2729600335DF9 /* XCRemoteSwiftPackageReference "Alamofire" */;
			productName = Alamofire;
		};
		335507722A4D6E1F005FBE21 /* SnapKit */ = {
			isa = XCSwiftPackageProductDependency;
			package = 335507712A4D6E1F005FBE21 /* XCRemoteSwiftPackageReference "SnapKit" */;
			productName = SnapKit;
		};
		33DE12902A515B1800B3D3A7 /* FSCalendar */ = {
			isa = XCSwiftPackageProductDependency;
			package = 33DE128F2A515B1800B3D3A7 /* XCRemoteSwiftPackageReference "FSCalendar" */;
			productName = FSCalendar;
		};
/* End XCSwiftPackageProductDependency section */

/* Begin XCVersionGroup section */
		335507632A4D6D9C005FBE21 /* PlanBee.xcdatamodeld */ = {
			isa = XCVersionGroup;
			children = (
				335507642A4D6D9C005FBE21 /* PlanBee.xcdatamodel */,
			);
			currentVersion = 335507642A4D6D9C005FBE21 /* PlanBee.xcdatamodel */;
			path = PlanBee.xcdatamodeld;
			sourceTree = "<group>";
			versionGroupType = wrapper.xcdatamodel;
		};
/* End XCVersionGroup section */
	};
	rootObject = 3355074F2A4D6D9C005FBE21 /* Project object */;
}
